#MicroXplorer Configuration settings - do not modify
ADC.Channel-44\#ChannelRegularConversion=ADC_CHANNEL_TEMPSENSOR
ADC.ChannelsBank=ADC_CHANNELS_BANK_A
ADC.ClockPrescaler=ADC_CLOCK_ASYNC_DIV1
ADC.ContinuousConvMode=DISABLE
ADC.DMAContinuousRequests=DISABLE
ADC.DataAlign=ADC_DATAALIGN_RIGHT
ADC.DiscontinuousConvMode=DISABLE
ADC.EOCSelection=EOC_SEQ_CONV
ADC.EnableAnalogWatchDog=false
ADC.ExternalTrigConvEdge=ADC_EXTERNALTRIGCONVEDGE_NONE
ADC.IPParameters=Rank-44\#ChannelRegularConversion,Channel-44\#ChannelRegularConversion,SamplingTime-44\#ChannelRegularConversion,NbrOfConversionFlag,ClockPrescaler,ChannelsBank,Resolution,DataAlign,ScanConvMode,ContinuousConvMode,DiscontinuousConvMode,DMAContinuousRequests,EOCSelection,LowPowerAutoWait,LowPowerAutoPowerOff,NbrOfConversion,ExternalTrigConvEdge,InjNumberOfConversion,EnableAnalogWatchDog
ADC.InjNumberOfConversion=0
ADC.LowPowerAutoPowerOff=ADC_AUTOPOWEROFF_DISABLE
ADC.LowPowerAutoWait=ADC_AUTOWAIT_DISABLE
ADC.NbrOfConversion=1
ADC.NbrOfConversionFlag=1
ADC.Rank-44\#ChannelRegularConversion=1
ADC.Resolution=ADC_RESOLUTION12b
ADC.SamplingTime-44\#ChannelRegularConversion=ADC_SAMPLETIME_4CYCLES
ADC.ScanConvMode=ADC_SCAN_DISABLE
File.Version=6
KeepUserPlacement=false
Mcu.Family=STM32L1
Mcu.IP0=ADC
Mcu.IP1=FATFS
Mcu.IP10=USART2
Mcu.IP2=NVIC
Mcu.IP3=RCC
Mcu.IP4=RTC
Mcu.IP5=SDIO
Mcu.IP6=SPI1
Mcu.IP7=SPI2
Mcu.IP8=SYS
Mcu.IP9=USART1
Mcu.IPNb=11
Mcu.Name=STM32L151RDTx
Mcu.Package=LQFP64
Mcu.Pin0=PC13-WKUP2
Mcu.Pin1=PC14-OSC32_IN
Mcu.Pin10=PA4
Mcu.Pin11=PA5
Mcu.Pin12=PA6
Mcu.Pin13=PA7
Mcu.Pin14=PC4
Mcu.Pin15=PC5
Mcu.Pin16=PB0
Mcu.Pin17=PB1
Mcu.Pin18=PB10
Mcu.Pin19=PB11
Mcu.Pin2=PC15-OSC32_OUT
Mcu.Pin20=PB12
Mcu.Pin21=PB13
Mcu.Pin22=PB14
Mcu.Pin23=PB15
Mcu.Pin24=PC6
Mcu.Pin25=PC7
Mcu.Pin26=PC8
Mcu.Pin27=PC9
Mcu.Pin28=PA8
Mcu.Pin29=PA9
Mcu.Pin3=PC0
Mcu.Pin30=PA10
Mcu.Pin31=PA11
Mcu.Pin32=PA12
Mcu.Pin33=PA13
Mcu.Pin34=PA14
Mcu.Pin35=PA15
Mcu.Pin36=PC10
Mcu.Pin37=PC11
Mcu.Pin38=PC12
Mcu.Pin39=PD2
Mcu.Pin4=PC2
Mcu.Pin40=PB3
Mcu.Pin41=PB4
Mcu.Pin42=PB5
Mcu.Pin43=PB6
Mcu.Pin44=PB7
Mcu.Pin45=PB9
Mcu.Pin46=VP_ADC_TempSens_Input
Mcu.Pin47=VP_ADC_Channel8SpeedLow
Mcu.Pin48=VP_FATFS_VS_SDIO
Mcu.Pin49=VP_RTC_VS_RTC_WakeUp_intern
Mcu.Pin5=PC3
Mcu.Pin50=VP_SYS_VS_Systick
Mcu.Pin6=PA0-WKUP1
Mcu.Pin7=PA1
Mcu.Pin8=PA2
Mcu.Pin9=PA3
Mcu.PinsNb=51
Mcu.UserConstants=
Mcu.UserName=STM32L151RDTx
MxCube.Version=4.13.0
MxDb.Version=DB.4.0.130
NVIC.ADC1_IRQn=true\:0\:0\:false
NVIC.HardFault_IRQn=true\:0\:0\:false
NVIC.MemoryManagement_IRQn=true\:0\:0\:false
NVIC.PriorityGroup=NVIC_PRIORITYGROUP_4
NVIC.RTC_WKUP_IRQn=true\:1\:0\:true
NVIC.SDIO_IRQn=true\:0\:0\:false
NVIC.SPI1_IRQn=true\:0\:0\:false
NVIC.SPI2_IRQn=true\:0\:0\:false
NVIC.SysTick_IRQn=true\:0\:0\:false
NVIC.USART1_IRQn=true\:0\:0\:false
NVIC.USART2_IRQn=true\:0\:0\:false
PA0-WKUP1.GPIOParameters=GPIO_Label
PA0-WKUP1.GPIO_Label=ACC_INT1
PA0-WKUP1.Mode=SYS_WKUP1
PA0-WKUP1.Signal=SYS_WKUP1
PA1.GPIOParameters=GPIO_Speed,GPIO_Label
PA1.GPIO_Label=STATUS
PA1.GPIO_Speed=GPIO_SPEED_VERY_LOW
PA1.Signal=GPIO_Output
PA10.GPIOParameters=GPIO_Label
PA10.GPIO_Label=BLE_TX
PA10.Locked=true
PA10.Mode=Asynchronous
PA10.Signal=USART1_RX
PA11.GPIOParameters=GPIO_Label
PA11.GPIO_Label=RF_PWR
PA11.Signal=GPIO_Output
PA12.GPIOParameters=GPIO_Label
PA12.GPIO_Label=INDICATOR3
PA12.Signal=GPIO_Output
PA13.Mode=Trace-Asynchronous_SW
PA13.Signal=SYS_JTMS-SWDIO
PA14.Mode=Trace-Asynchronous_SW
PA14.Signal=SYS_JTCK-SWCLK
PA15.GPIOParameters=GPIO_Label
PA15.GPIO_Label=SD_PWR
PA15.Signal=GPIO_Output
PA2.GPIOParameters=GPIO_Label
PA2.GPIO_Label=WIFI_RX
PA2.Mode=Asynchronous
PA2.Signal=USART2_TX
PA3.GPIOParameters=GPIO_Label
PA3.GPIO_Label=WIFI_TX
PA3.Mode=Asynchronous
PA3.Signal=USART2_RX
PA4.GPIOParameters=GPIO_Label
PA4.GPIO_Label=ACC_CS
PA4.Locked=true
PA4.Signal=GPIO_Output
PA5.GPIOParameters=GPIO_Label
PA5.GPIO_Label=ACC_SCK
PA5.Mode=Full_Duplex_Master
PA5.Signal=SPI1_SCK
PA6.GPIOParameters=GPIO_Label
PA6.GPIO_Label=ACC_MISO
PA6.Mode=Full_Duplex_Master
PA6.Signal=SPI1_MISO
PA7.GPIOParameters=GPIO_Label
PA7.GPIO_Label=ACC_MOSI
PA7.Mode=Full_Duplex_Master
PA7.Signal=SPI1_MOSI
PA8.GPIOParameters=GPIO_Label
PA8.GPIO_Label=HALL_CLAMP_PWR
PA8.Signal=GPIO_Output
PA9.GPIOParameters=GPIO_Label
PA9.GPIO_Label=BLE_RX
PA9.Locked=true
PA9.Mode=Asynchronous
PA9.Signal=USART1_TX
PB0.GPIOParameters=GPIO_Label
PB0.GPIO_Label=CURRENT_CONSUMPTION
PB0.Mode=IN8
PB0.Signal=ADC_IN8
PB1.GPIOParameters=GPIO_Label
PB1.GPIO_Label=SHUNT_0.06_DISABLE
PB1.Signal=GPIO_Output
PB10.GPIOParameters=GPIO_Label
PB10.GPIO_Label=HALL_SENS_PWR
PB10.Signal=GPIO_Output
PB11.GPIOParameters=GPIO_Label
PB11.GPIO_Label=RF_CE
PB11.Signal=GPIO_Output
PB12.Mode=NSS_Signal_Hard_Output
PB12.Signal=SPI2_NSS
PB13.GPIOParameters=GPIO_Label
PB13.GPIO_Label=RF_SCK
PB13.Mode=Full_Duplex_Master
PB13.Signal=SPI2_SCK
PB14.GPIOParameters=GPIO_Label
PB14.GPIO_Label=RF_MISO
PB14.Mode=Full_Duplex_Master
PB14.Signal=SPI2_MISO
PB15.GPIOParameters=GPIO_Label
PB15.GPIO_Label=RF_MOSI
PB15.Mode=Full_Duplex_Master
PB15.Signal=SPI2_MOSI
PB3.Mode=Trace-Asynchronous_SW
PB3.Signal=SYS_JTDO-TRACESWO
PB4.GPIOParameters=GPIO_Label
PB4.GPIO_Label=PWR_TO2.8AND2.9V
PB4.Signal=GPIO_Output
PB5.GPIOParameters=GPIO_PuPd,GPIO_Label
PB5.GPIO_Label=SENS_CLAMP_B
PB5.GPIO_PuPd=GPIO_PULLUP
PB5.Signal=GPIO_Input
PB6.GPIOParameters=GPIO_Label
PB6.GPIO_Label=RF_IRQ
PB6.Signal=GPIO_Input
PB7.GPIOParameters=GPIO_Label
PB7.GPIO_Label=INDICATOR1
PB7.Signal=GPIO_Output
PB9.GPIOParameters=GPIO_PuPd,GPIO_Label
PB9.GPIO_Label=SENS_OPEN
PB9.GPIO_PuPd=GPIO_PULLDOWN
PB9.Locked=true
PB9.Signal=GPIO_Input
PC0.GPIOParameters=GPIO_Label
PC0.GPIO_Label=nDISCHARGE
PC0.Signal=GPIO_Output
PC10.GPIOParameters=GPIO_Label
PC10.GPIO_Label=SD_DAT2
PC10.Mode=SD_4_bits_Wide_bus
PC10.Signal=SDIO_D2
PC11.GPIOParameters=GPIO_Label
PC11.GPIO_Label=SD_DAT3
PC11.Mode=SD_4_bits_Wide_bus
PC11.Signal=SDIO_D3
PC12.GPIOParameters=GPIO_Label
PC12.GPIO_Label=SD_CLK
PC12.Mode=SD_4_bits_Wide_bus
PC12.Signal=SDIO_CK
PC13-WKUP2.GPIOParameters=GPIO_Label
PC13-WKUP2.GPIO_Label=ACC_INT2
PC13-WKUP2.Mode=SYS_WKUP2
PC13-WKUP2.Signal=SYS_WKUP2
PC14-OSC32_IN.Mode=LSE-External-Oscillator
PC14-OSC32_IN.Signal=RCC_OSC32_IN
PC15-OSC32_OUT.Mode=LSE-External-Oscillator
PC15-OSC32_OUT.Signal=RCC_OSC32_OUT
PC2.GPIOParameters=GPIO_Label
PC2.GPIO_Label=PWR_TO_2.8V
PC2.Signal=GPIO_Output
PC3.GPIOParameters=GPIO_Label
PC3.GPIO_Label=ENABLE_2.5V
PC3.Signal=GPIO_Output
PC4.GPIOParameters=GPIO_PuPd,GPIO_Label
PC4.GPIO_Label=SENS_CLAMP_A
PC4.GPIO_PuPd=GPIO_PULLUP
PC4.Signal=GPIO_Input
PC5.GPIOParameters=GPIO_PuPd,GPIO_Label
PC5.GPIO_Label=SENS_TAKEOFF
PC5.GPIO_PuPd=GPIO_PULLDOWN
PC5.Signal=GPIO_Input
PC6.GPIOParameters=GPIO_Label
PC6.GPIO_Label=INDICATOR2
PC6.Locked=true
PC6.Signal=GPIO_Output
PC7.GPIOParameters=GPIO_Label
PC7.GPIO_Label=WIFI_PWR
PC7.Locked=true
PC7.Signal=GPIO_Output
PC8.GPIOParameters=GPIO_Label
PC8.GPIO_Label=SD_DAT0
PC8.Mode=SD_4_bits_Wide_bus
PC8.Signal=SDIO_D0
PC9.GPIOParameters=GPIO_Label
PC9.GPIO_Label=SD_DAT1
PC9.Mode=SD_4_bits_Wide_bus
PC9.Signal=SDIO_D1
PCC.Battery=Li-SOCL2(DD36000)
PCC.Battery.Capacity=36000.0
PCC.Battery.Compatibility=Yes
PCC.Battery.InParallel=1
PCC.Battery.InSeries=1
PCC.Battery.MaxContinuous=450.0
PCC.Battery.MaxPulseCurrent=1000.0
PCC.Battery.NominalVoltage=3.6
PCC.Battery.SelfDischarge=0.08
PCC.Checker=true
PCC.Line=STM32L151/152
PCC.MCU=STM32L151RDTx
PCC.MXVersion=4.13.0
PCC.PartNumber=STM32L151RDTx
PCC.Seq0=3
PCC.Seq0.Step0.Average_Current=57 \u00B5A
PCC.Seq0.Step0.CPU_Frequency=32.5 kHz
PCC.Seq0.Step0.Category=In DS Table
PCC.Seq0.Step0.DMIPS=0.033515625
PCC.Seq0.Step0.Duration=0.5 ms
PCC.Seq0.Step0.Frequency=65.0 kHz
PCC.Seq0.Step0.Memory=FLASH
PCC.Seq0.Step0.Mode=LOWPOWER_RUN
PCC.Seq0.Step0.Oscillator=MSI
PCC.Seq0.Step0.Peripherals=FLASH GPIOA GPIOB GPIOC GPIOD IWDG PWR RTC SYS/TS
PCC.Seq0.Step0.TaMax=104.99
PCC.Seq0.Step0.User's_Consumption=0 mA
PCC.Seq0.Step0.Vcore=NoRange
PCC.Seq0.Step0.Vdd=3.0
PCC.Seq0.Step0.Voltage_Source=Battery
PCC.Seq0.Step1.Average_Current=8.49 mA
PCC.Seq0.Step1.CPU_Frequency=16.0 MHz
PCC.Seq0.Step1.Category=In DS Table
PCC.Seq0.Step1.DMIPS=16.5
PCC.Seq0.Step1.Duration=0.3 ms
PCC.Seq0.Step1.Frequency=16.0 MHz
PCC.Seq0.Step1.Memory=FLASH
PCC.Seq0.Step1.Mode=RUN
PCC.Seq0.Step1.Oscillator=HSEBYP
PCC.Seq0.Step1.Peripherals=ADC DMA1 FLASH GPIOA GPIOB GPIOC GPIOD GPIOH PWR RTC SPI1 SPI2 SYS/TS USART1 USART2 WWDG
PCC.Seq0.Step1.TaMax=103.83
PCC.Seq0.Step1.User's_Consumption=0 mA
PCC.Seq0.Step1.Vcore=Range1-High
PCC.Seq0.Step1.Vdd=3.0
PCC.Seq0.Step1.Voltage_Source=Battery
PCC.Seq0.Step2.Average_Current=6.23 \u00B5A
PCC.Seq0.Step2.CPU_Frequency=32.5 kHz
PCC.Seq0.Step2.Category=In DS Table
PCC.Seq0.Step2.DMIPS=0.0
PCC.Seq0.Step2.Duration=0.5 ms
PCC.Seq0.Step2.Frequency=65.0 kHz
PCC.Seq0.Step2.Memory=n/a
PCC.Seq0.Step2.Mode=LOWPOWER_SLEEP
PCC.Seq0.Step2.Oscillator=MSI AHBDIV2
PCC.Seq0.Step2.Peripherals=GPIOA GPIOB GPIOC GPIOD GPIOH IWDG PWR RTC SYS/TS WWDG
PCC.Seq0.Step2.TaMax=105
PCC.Seq0.Step2.User's_Consumption=0 mA
PCC.Seq0.Step2.Vcore=NoRange
PCC.Seq0.Step2.Vdd=3.0
PCC.Seq0.Step2.Voltage_Source=Battery
PCC.Series=STM32L1
PCC.Temperature=25
PCC.Vdd=3.0
PD2.GPIOParameters=GPIO_Label
PD2.GPIO_Label=SD_CMD
PD2.Mode=SD_4_bits_Wide_bus
PD2.Signal=SDIO_CMD
ProjectManager.AskForMigrate=true
ProjectManager.BackupPrevious=false
ProjectManager.CompilerOptimize=2
ProjectManager.ComputerToolchain=false
ProjectManager.CoupleFile=false
ProjectManager.DeletePrevious=true
ProjectManager.DeviceId=STM32L151RDTx
ProjectManager.FirmwarePackage=STM32Cube FW_L1 V1.4.0
ProjectManager.FreePins=false
ProjectManager.HalAssertFull=false
ProjectManager.HeapSize=0x800
ProjectManager.KeepUserCode=true
ProjectManager.LastFirmware=true
ProjectManager.LibraryCopy=0
ProjectManager.ProjectBuild=false
ProjectManager.ProjectFileName=FW.ioc
ProjectManager.ProjectName=FW
ProjectManager.StackSize=0x400
ProjectManager.TargetToolchain=MDK-ARM V5
ProjectManager.ToolChainLocation=
ProjectManager.functionlistsort=1-MX_GPIO_Init-GPIO-false,2-MX_ADC_Init-ADC-false,3-MX_SDIO_SD_Init-SDIO-false,4-MX_SPI1_Init-SPI1-false,5-MX_SPI2_Init-SPI2-false,6-MX_USART1_UART_Init-USART1-false,7-MX_USART2_UART_Init-USART2-false,8-MX_FATFS_Init-FATFS-false,9-MX_RTC_Init-RTC-false
RCC.AHBFreq_Value=16000000
RCC.APB1Freq_Value=16000000
RCC.APB1TimFreq_Value=16000000
RCC.APB2Freq_Value=16000000
RCC.APB2TimFreq_Value=16000000
RCC.FCLKCortexFreq_Value=16000000
RCC.FamilyName=M
RCC.HCLKFreq_Value=16000000
RCC.HSE_VALUE=24000000
RCC.HSI_VALUE=16000000
RCC.IPParameters=FamilyName,MSI_VALUE,SYSCLKFreq_VALUE,AHBFreq_Value,TIMFreq_Value,APB1Freq_Value,APB2Freq_Value,LSI_VALUE,HSI_VALUE,HSE_VALUE,RTCHSEDivFreq_Value,VCOOutputFreq_Value,PLLCLKFreq_Value,RTCFreq_Value,USBOutput,PWRFreq_Value,HCLKFreq_Value,TimerFreq_Value,FCLKCortexFreq_Value,APB1TimFreq_Value,APB2TimFreq_Value,MCOPinFreq_Value,SYSCLKSource,PLLDIV,MSIClockRange,PLLMUL,RTCClockSelectionVirtual,RTCClockSelection,VDD_VALUE
RCC.LSI_VALUE=37000
RCC.MCOPinFreq_Value=16000000
RCC.MSIClockRange=RCC_MSIRANGE_0
RCC.MSI_VALUE=65536
RCC.PLLCLKFreq_Value=32000000
RCC.PLLDIV=RCC_PLL_DIV3
RCC.PLLMUL=RCC_PLL_MUL6
RCC.PWRFreq_Value=16000000
RCC.RTCClockSelection=RCC_RTCCLKSOURCE_LSE
RCC.RTCClockSelectionVirtual=RCC_RTCCLKSOURCE_LSE
RCC.RTCFreq_Value=32768
RCC.RTCHSEDivFreq_Value=12000000
RCC.SYSCLKFreq_VALUE=16000000
RCC.SYSCLKSource=RCC_SYSCLKSOURCE_HSI
RCC.TIMFreq_Value=16000000
RCC.TimerFreq_Value=16000000
RCC.USBOutput=48000000
RCC.VCOOutputFreq_Value=96000000
RCC.VDD_VALUE=1.8
RTC.Date=12
RTC.IPParameters=Year,Date,Month,WeekDay,WakeUpClock,WakeUpCounter
RTC.Month=RTC_MONTH_MARCH
RTC.WakeUpClock=RTC_WAKEUPCLOCK_RTCCLK_DIV16
RTC.WakeUpCounter=0x00F3
RTC.WeekDay=RTC_WEEKDAY_SUNDAY
RTC.Year=16
SDIO.BusWide=SDIO_BUS_WIDE_1B
SDIO.ClockDiv=20
SDIO.IPParameters=BusWide,WideMode,ClockDiv
SDIO.WideMode=SDIO_BUS_WIDE_4B
SPI1.BaudRatePrescaler=SPI_BAUDRATEPRESCALER_256
SPI1.CalculateBaudRate=62.5 KBits/s
SPI1.IPParameters=Mode,CalculateBaudRate,BaudRatePrescaler
SPI1.Mode=SPI_MODE_MASTER
SPI2.BaudRatePrescaler=SPI_BAUDRATEPRESCALER_32
SPI2.CalculateBaudRate=500.0 KBits/s
SPI2.IPParameters=Mode,CalculateBaudRate,VirtualNSS,BaudRatePrescaler
SPI2.Mode=SPI_MODE_MASTER
SPI2.VirtualNSS=VM_NSSHARD
VP_ADC_Channel8SpeedLow.Mode=Channel8SpeedLow
VP_ADC_Channel8SpeedLow.Signal=ADC_Channel8SpeedLow
VP_ADC_TempSens_Input.Mode=IN-TempSens
VP_ADC_TempSens_Input.Signal=ADC_TempSens_Input
VP_FATFS_VS_SDIO.Mode=SDIO
VP_FATFS_VS_SDIO.Signal=FATFS_VS_SDIO
VP_RTC_VS_RTC_WakeUp_intern.Mode=WakeUp
VP_RTC_VS_RTC_WakeUp_intern.Signal=RTC_VS_RTC_WakeUp_intern
VP_SYS_VS_Systick.Mode=SysTick
VP_SYS_VS_Systick.Signal=SYS_VS_Systick
board=FW
